
Microsoft Visual Studio Solution File, Format Version 12.00
# Visual Studio Version 16
VisualStudioVersion = 16.0.31402.337
MinimumVisualStudioVersion = 10.0.40219.1
Project("{9A19103F-16F7-4668-BE54-9A1E7A4F7556}") = "IPhoneRepairWeb", "IPhoneRepairWeb\IPhoneRepairWeb.csproj", "{675FB84B-6409-41AE-9F98-1E1B3F00B7A5}"
EndProject
Global
	GlobalSection(SolutionConfigurationPlatforms) = preSolution
		Debug|Any CPU = Debug|Any CPU
		Release|Any CPU = Release|Any CPU
	EndGlobalSection
	GlobalSection(ProjectConfigurationPlatforms) = postSolution
		{675FB84B-6409-41AE-9F98-1E1B3F00B7A5}.Debug|Any CPU.ActiveCfg = Debug|Any CPU
		{675FB84B-6409-41AE-9F98-1E1B3F00B7A5}.Debug|Any CPU.Build.0 = Debug|Any CPU
		{675FB84B-6409-41AE-9F98-1E1B3F00B7A5}.Release|Any CPU.ActiveCfg = Release|Any CPU
		{675FB84B-6409-41AE-9F98-1E1B3F00B7A5}.Release|Any CPU.Build.0 = Release|Any CPU
	EndGlobalSection
	GlobalSection(SolutionProperties) = preSolution
		HideSolutionNode = FALSE
	EndGlobalSection
	GlobalSection(ExtensibilityGlobals) = postSolution
		SolutionGuid = {7A267F15-6E9A-47E9-B5D8-86011DED6929}
	EndGlobalSection
EndGlobal
